// !$*UTF8*$!
{
	archiveVersion = 1;
	classes = {
	};
	objectVersion = 50;
	objects = {

/* Begin PBXBuildFile section */
		17B19689240BFF3200738665 /* AppDelegate.swift in Sources */ = {isa = PBXBuildFile; fileRef = 17B19688240BFF3200738665 /* AppDelegate.swift */; };
		17B1968B240BFF3200738665 /* SceneDelegate.swift in Sources */ = {isa = PBXBuildFile; fileRef = 17B1968A240BFF3200738665 /* SceneDelegate.swift */; };
		17B1968D240BFF3200738665 /* ViewController.swift in Sources */ = {isa = PBXBuildFile; fileRef = 17B1968C240BFF3200738665 /* ViewController.swift */; };
		17B19690240BFF3200738665 /* Main.storyboard in Resources */ = {isa = PBXBuildFile; fileRef = 17B1968E240BFF3200738665 /* Main.storyboard */; };
		17B19692240BFF3700738665 /* Assets.xcassets in Resources */ = {isa = PBXBuildFile; fileRef = 17B19691240BFF3700738665 /* Assets.xcassets */; };
		17B19695240BFF3700738665 /* LaunchScreen.storyboard in Resources */ = {isa = PBXBuildFile; fileRef = 17B19693240BFF3700738665 /* LaunchScreen.storyboard */; };
		17B1969D240BFF4700738665 /* ToDoitem.swift in Sources */ = {isa = PBXBuildFile; fileRef = 17B1969C240BFF4700738665 /* ToDoitem.swift */; };
		17B1969F240BFFEF00738665 /* DataManager.swift in Sources */ = {isa = PBXBuildFile; fileRef = 17B1969E240BFFEF00738665 /* DataManager.swift */; };
		17B196A1240C07B500738665 /* TodoTableViewCell.swift in Sources */ = {isa = PBXBuildFile; fileRef = 17B196A0240C07B500738665 /* TodoTableViewCell.swift */; };
		17B196A3240C07C900738665 /* TodoTableVC.swift in Sources */ = {isa = PBXBuildFile; fileRef = 17B196A2240C07C900738665 /* TodoTableVC.swift */; };
/* End PBXBuildFile section */

/* Begin PBXFileReference section */
		17B19685240BFF3200738665 /* ToDoApp.app */ = {isa = PBXFileReference; explicitFileType = wrapper.application; includeInIndex = 0; path = ToDoApp.app; sourceTree = BUILT_PRODUCTS_DIR; };
		17B19688240BFF3200738665 /* AppDelegate.swift */ = {isa = PBXFileReference; lastKnownFileType = sourcecode.swift; path = AppDelegate.swift; sourceTree = "<group>"; };
		17B1968A240BFF3200738665 /* SceneDelegate.swift */ = {isa = PBXFileReference; lastKnownFileType = sourcecode.swift; path = SceneDelegate.swift; sourceTree = "<group>"; };
		17B1968C240BFF3200738665 /* ViewController.swift */ = {isa = PBXFileReference; lastKnownFileType = sourcecode.swift; path = ViewController.swift; sourceTree = "<group>"; };
		17B1968F240BFF3200738665 /* Base */ = {isa = PBXFileReference; lastKnownFileType = file.storyboard; name = Base; path = Base.lproj/Main.storyboard; sourceTree = "<group>"; };
		17B19691240BFF3700738665 /* Assets.xcassets */ = {isa = PBXFileReference; lastKnownFileType = folder.assetcatalog; path = Assets.xcassets; sourceTree = "<group>"; };
		17B19694240BFF3700738665 /* Base */ = {isa = PBXFileReference; lastKnownFileType = file.storyboard; name = Base; path = Base.lproj/LaunchScreen.storyboard; sourceTree = "<group>"; };
		17B19696240BFF3700738665 /* Info.plist */ = {isa = PBXFileReference; lastKnownFileType = text.plist.xml; path = Info.plist; sourceTree = "<group>"; };
		17B1969C240BFF4700738665 /* ToDoitem.swift */ = {isa = PBXFileReference; lastKnownFileType = sourcecode.swift; path = ToDoitem.swift; sourceTree = "<group>"; };
		17B1969E240BFFEF00738665 /* DataManager.swift */ = {isa = PBXFileReference; lastKnownFileType = sourcecode.swift; path = DataManager.swift; sourceTree = "<group>"; };
		17B196A0240C07B500738665 /* TodoTableViewCell.swift */ = {isa = PBXFileReference; lastKnownFileType = sourcecode.swift; path = TodoTableViewCell.swift; sourceTree = "<group>"; };
		17B196A2240C07C900738665 /* TodoTableVC.swift */ = {isa = PBXFileReference; lastKnownFileType = sourcecode.swift; path = TodoTableVC.swift; sourceTree = "<group>"; };
/* End PBXFileReference section */

/* Begin PBXFrameworksBuildPhase section */
		17B19682240BFF3200738665 /* Frameworks */ = {
			isa = PBXFrameworksBuildPhase;
			buildActionMask = 2147483647;
			files = (
			);
			runOnlyForDeploymentPostprocessing = 0;
		};
/* End PBXFrameworksBuildPhase section */

/* Begin PBXGroup section */
		17B1967C240BFF3100738665 = {
			isa = PBXGroup;
			children = (
				17B19687240BFF3200738665 /* ToDoApp */,
				17B19686240BFF3200738665 /* Products */,
			);
			sourceTree = "<group>";
		};
		17B19686240BFF3200738665 /* Products */ = {
			isa = PBXGroup;
			children = (
				17B19685240BFF3200738665 /* ToDoApp.app */,
			);
			name = Products;
			sourceTree = "<group>";
		};
		17B19687240BFF3200738665 /* ToDoApp */ = {
			isa = PBXGroup;
			children = (
				17B19688240BFF3200738665 /* AppDelegate.swift */,
				17B1968A240BFF3200738665 /* SceneDelegate.swift */,
				17B1968C240BFF3200738665 /* ViewController.swift */,
				17B1968E240BFF3200738665 /* Main.storyboard */,
				17B19691240BFF3700738665 /* Assets.xcassets */,
				17B19693240BFF3700738665 /* LaunchScreen.storyboard */,
				17B19696240BFF3700738665 /* Info.plist */,
				17B1969C240BFF4700738665 /* ToDoitem.swift */,
				17B1969E240BFFEF00738665 /* DataManager.swift */,
				17B196A0240C07B500738665 /* TodoTableViewCell.swift */,
				17B196A2240C07C900738665 /* TodoTableVC.swift */,
			);
			path = ToDoApp;
			sourceTree = "<group>";
		};
/* End PBXGroup section */

/* Begin PBXNativeTarget section */
		17B19684240BFF3200738665 /* ToDoApp */ = {
			isa = PBXNativeTarget;
			buildConfigurationList = 17B19699240BFF3700738665 /* Build configuration list for PBXNativeTarget "ToDoApp" */;
			buildPhases = (
				17B19681240BFF3200738665 /* Sources */,
				17B19682240BFF3200738665 /* Frameworks */,
				17B19683240BFF3200738665 /* Resources */,
			);
			buildRules = (
			);
			dependencies = (
			);
			name = ToDoApp;
			productName = ToDoApp;
			productReference = 17B19685240BFF3200738665 /* ToDoApp.app */;
			productType = "com.apple.product-type.application";
		};
/* End PBXNativeTarget section */

/* Begin PBXProject section */
		17B1967D240BFF3100738665 /* Project object */ = {
			isa = PBXProject;
			attributes = {
				LastSwiftUpdateCheck = 1130;
				LastUpgradeCheck = 1130;
				ORGANIZATIONNAME = "Supanut Laddayam";
				TargetAttributes = {
					17B19684240BFF3200738665 = {
						CreatedOnToolsVersion = 11.3;
					};
				};
			};
			buildConfigurationList = 17B19680240BFF3200738665 /* Build configuration list for PBXProject "ToDoApp" */;
			compatibilityVersion = "Xcode 9.3";
			developmentRegion = en;
			hasScannedForEncodings = 0;
			knownRegions = (
				en,
				Base,
			);
			mainGroup = 17B1967C240BFF3100738665;
			productRefGroup = 17B19686240BFF3200738665 /* Products */;
			projectDirPath = "";
			projectRoot = "";
			targets = (
				17B19684240BFF3200738665 /* ToDoApp */,
			);
		};
/* End PBXProject section */

/* Begin PBXResourcesBuildPhase section */
		17B19683240BFF3200738665 /* Resources */ = {
			isa = PBXResourcesBuildPhase;
			buildActionMask = 2147483647;
			files = (
				17B19695240BFF3700738665 /* LaunchScreen.storyboard in Resources */,
				17B19692240BFF3700738665 /* Assets.xcassets in Resources */,
				17B19690240BFF3200738665 /* Main.storyboard in Resources */,
			);
			runOnlyForDeploymentPostprocessing = 0;
		};
/* End PBXResourcesBuildPhase section */

/* Begin PBXSourcesBuildPhase section */
		17B19681240BFF3200738665 /* Sources */ = {
			isa = PBXSourcesBuildPhase;
			buildActionMask = 2147483647;
			files = (
				17B1968D240BFF3200738665 /* ViewController.swift in Sources */,
				17B1969F240BFFEF00738665 /* DataManager.swift in Sources */,
				17B19689240BFF3200738665 /* AppDelegate.swift in Sources */,
				17B196A1240C07B500738665 /* TodoTableViewCell.swift in Sources */,
				17B1969D240BFF4700738665 /* ToDoitem.swift in Sources */,
				17B196A3240C07C900738665 /* TodoTableVC.swift in Sources */,
				17B1968B240BFF3200738665 /* SceneDelegate.swift in Sources */,
			);
			runOnlyForDeploymentPostprocessing = 0;
		};
/* End PBXSourcesBuildPhase section */

/* Begin PBXVariantGroup section */
		17B1968E240BFF3200738665 /* Main.storyboard */ = {
			isa = PBXVariantGroup;
			children = (
				17B1968F240BFF3200738665 /* Base */,
			);
			name = Main.storyboard;
			sourceTree = "<group>";
		};
		17B19693240BFF3700738665 /* LaunchScreen.storyboard */ = {
			isa = PBXVariantGroup;
			children = (
				17B19694240BFF3700738665 /* Base */,
			);
			name = LaunchScreen.storyboard;
			sourceTree = "<group>";
		};
/* End PBXVariantGroup section */

/* Begin XCBuildConfiguration section */
		17B19697240BFF3700738665 /* Debug */ = {
			isa = XCBuildConfiguration;
			buildSettings = {
				ALWAYS_SEARCH_USER_PATHS = NO;
				CLANG_ANALYZER_NONNULL = YES;
				CLANG_ANALYZER_NUMBER_OBJECT_CONVERSION = YES_AGGRESSIVE;
				CLANG_CXX_LANGUAGE_STANDARD = "gnu++14";
				CLANG_CXX_LIBRARY = "libc++";
				CLANG_ENABLE_MODULES = YES;
				CLANG_ENABLE_OBJC_ARC = YES;
				CLANG_ENABLE_OBJC_WEAK = YES;
				CLANG_WARN_BLOCK_CAPTURE_AUTORELEASING = YES;
				CLANG_WARN_BOOL_CONVERSION = YES;
				CLANG_WARN_COMMA = YES;
				CLANG_WARN_CONSTANT_CONVERSION = YES;
				CLANG_WARN_DEPRECATED_OBJC_IMPLEMENTATIONS = YES;
				CLANG_WARN_DIRECT_OBJC_ISA_USAGE = YES_ERROR;
				CLANG_WARN_DOCUMENTATION_COMMENTS = YES;
				CLANG_WARN_EMPTY_BODY = YES;
				CLANG_WARN_ENUM_CONVERSION = YES;
				CLANG_WARN_INFINITE_RECURSION = YES;
				CLANG_WARN_INT_CONVERSION = YES;
				CLANG_WARN_NON_LITERAL_NULL_CONVERSION = YES;
				CLANG_WARN_OBJC_IMPLICIT_RETAIN_SELF = YES;
				CLANG_WARN_OBJC_LITERAL_CONVERSION = YES;
				CLANG_WARN_OBJC_ROOT_CLASS = YES_ERROR;
				CLANG_WARN_RANGE_LOOP_ANALYSIS = YES;
				CLANG_WARN_STRICT_PROTOTYPES = YES;
				CLANG_WARN_SUSPICIOUS_MOVE = YES;
				CLANG_WARN_UNGUARDED_AVAILABILITY = YES_AGGRESSIVE;
				CLANG_WARN_UNREACHABLE_CODE = YES;
				CLANG_WARN__DUPLICATE_METHOD_MATCH = YES;
				COPY_PHASE_STRIP = NO;
				DEBUG_INFORMATION_FORMAT = dwarf;
				ENABLE_STRICT_OBJC_MSGSEND = YES;
				ENABLE_TESTABILITY = YES;
				GCC_C_LANGUAGE_STANDARD = gnu11;
				GCC_DYNAMIC_NO_PIC = NO;
				GCC_NO_COMMON_BLOCKS = YES;
				GCC_OPTIMIZATION_LEVEL = 0;
				GCC_PREPROCESSOR_DEFINITIONS = (
					"DEBUG=1",
					"$(inherited)",
				);
				GCC_WARN_64_TO_32_BIT_CONVERSION = YES;
				GCC_WARN_ABOUT_RETURN_TYPE = YES_ERROR;
				GCC_WARN_UNDECLARED_SELECTOR = YES;
				GCC_WARN_UNINITIALIZED_AUTOS = YES_AGGRESSIVE;
				GCC_WARN_UNUSED_FUNCTION = YES;
				GCC_WARN_UNUSED_VARIABLE = YES;
				IPHONEOS_DEPLOYMENT_TARGET = 13.2;
				MTL_ENABLE_DEBUG_INFO = INCLUDE_SOURCE;
				MTL_FAST_MATH = YES;
				ONLY_ACTIVE_ARCH = YES;
				SDKROOT = iphoneos;
				SWIFT_ACTIVE_COMPILATION_CONDITIONS = DEBUG;
				SWIFT_OPTIMIZATION_LEVEL = "-Onone";
			};
			name = Debug;
		};
		17B19698240BFF3700738665 /* Release */ = {
			isa = XCBuildConfiguration;
			buildSettings = {
				ALWAYS_SEARCH_USER_PATHS = NO;
				CLANG_ANALYZER_NONNULL = YES;
				CLANG_ANALYZER_NUMBER_OBJECT_CONVERSION = YES_AGGRESSIVE;
				CLANG_CXX_LANGUAGE_STANDARD = "gnu++14";
				CLANG_CXX_LIBRARY = "libc++";
				CLANG_ENABLE_MODULES = YES;
				CLANG_ENABLE_OBJC_ARC = YES;
				CLANG_ENABLE_OBJC_WEAK = YES;
				CLANG_WARN_BLOCK_CAPTURE_AUTORELEASING = YES;
				CLANG_WARN_BOOL_CONVERSION = YES;
				CLANG_WARN_COMMA = YES;
				CLANG_WARN_CONSTANT_CONVERSION = YES;
				CLANG_WARN_DEPRECATED_OBJC_IMPLEMENTATIONS = YES;
				CLANG_WARN_DIRECT_OBJC_ISA_USAGE = YES_ERROR;
				CLANG_WARN_DOCUMENTATION_COMMENTS = YES;
				CLANG_WARN_EMPTY_BODY = YES;
				CLANG_WARN_ENUM_CONVERSION = YES;
				CLANG_WARN_INFINITE_RECURSION = YES;
				CLANG_WARN_INT_CONVERSION = YES;
				CLANG_WARN_NON_LITERAL_NULL_CONVERSION = YES;
				CLANG_WARN_OBJC_IMPLICIT_RETAIN_SELF = YES;
				CLANG_WARN_OBJC_LITERAL_CONVERSION = YES;
				CLANG_WARN_OBJC_ROOT_CLASS = YES_ERROR;
				CLANG_WARN_RANGE_LOOP_ANALYSIS = YES;
				CLANG_WARN_STRICT_PROTOTYPES = YES;
				CLANG_WARN_SUSPICIOUS_MOVE = YES;
				CLANG_WARN_UNGUARDED_AVAILABILITY = YES_AGGRESSIVE;
				CLANG_WARN_UNREACHABLE_CODE = YES;
				CLANG_WARN__DUPLICATE_METHOD_MATCH = YES;
				COPY_PHASE_STRIP = NO;
				DEBUG_INFORMATION_FORMAT = "dwarf-with-dsym";
				ENABLE_NS_ASSERTIONS = NO;
				ENABLE_STRICT_OBJC_MSGSEND = YES;
				GCC_C_LANGUAGE_STANDARD = gnu11;
				GCC_NO_COMMON_BLOCKS = YES;
				GCC_WARN_64_TO_32_BIT_CONVERSION = YES;
				GCC_WARN_ABOUT_RETURN_TYPE = YES_ERROR;
				GCC_WARN_UNDECLARED_SELECTOR = YES;
				GCC_WARN_UNINITIALIZED_AUTOS = YES_AGGRESSIVE;
				GCC_WARN_UNUSED_FUNCTION = YES;
				GCC_WARN_UNUSED_VARIABLE = YES;
				IPHONEOS_DEPLOYMENT_TARGET = 13.2;
				MTL_ENABLE_DEBUG_INFO = NO;
				MTL_FAST_MATH = YES;
				SDKROOT = iphoneos;
				SWIFT_COMPILATION_MODE = wholemodule;
				SWIFT_OPTIMIZATION_LEVEL = "-O";
				VALIDATE_PRODUCT = YES;
			};
			name = Release;
		};
		17B1969A240BFF3700738665 /* Debug */ = {
			isa = XCBuildConfiguration;
			buildSettings = {
				ASSETCATALOG_COMPILER_APPICON_NAME = AppIcon;
				CODE_SIGN_STYLE = Automatic;
				DEVELOPMENT_TEAM = QD4KUK365R;
				INFOPLIST_FILE = ToDoApp/Info.plist;
				LD_RUNPATH_SEARCH_PATHS = (
					"$(inherited)",
					"@executable_path/Frameworks",
				);
				PRODUCT_BUNDLE_IDENTIFIER = supanut.inc.ToDoApp;
				PRODUCT_NAME = "$(TARGET_NAME)";
				SWIFT_VERSION = 5.0;
				TARGETED_DEVICE_FAMILY = "1,2";
			};
			name = Debug;
		};
		17B1969B240BFF3700738665 /* Release */ = {
			isa = XCBuildConfiguration;
			buildSettings = {
				ASSETCATALOG_COMPILER_APPICON_NAME = AppIcon;
				CODE_SIGN_STYLE = Automatic;
				DEVELOPMENT_TEAM = QD4KUK365R;
				INFOPLIST_FILE = ToDoApp/Info.plist;
				LD_RUNPATH_SEARCH_PATHS = (
					"$(inherited)",
					"@executable_path/Frameworks",
				);
				PRODUCT_BUNDLE_IDENTIFIER = supanut.inc.ToDoApp;
				PRODUCT_NAME = "$(TARGET_NAME)";
				SWIFT_VERSION = 5.0;
				TARGETED_DEVICE_FAMILY = "1,2";
			};
			name = Release;
		};
/* End XCBuildConfiguration section */

/* Begin XCConfigurationList section */
		17B19680240BFF3200738665 /* Build configuration list for PBXProject "ToDoApp" */ = {
			isa = XCConfigurationList;
			buildConfigurations = (
				17B19697240BFF3700738665 /* Debug */,
				17B19698240BFF3700738665 /* Release */,
			);
			defaultConfigurationIsVisible = 0;
			defaultConfigurationName = Release;
		};
		17B19699240BFF3700738665 /* Build configuration list for PBXNativeTarget "ToDoApp" */ = {
			isa = XCConfigurationList;
			buildConfigurations = (
				17B1969A240BFF3700738665 /* Debug */,
				17B1969B240BFF3700738665 /* Release */,
			);
			defaultConfigurationIsVisible = 0;
			defaultConfigurationName = Release;
		};
/* End XCConfigurationList section */
	};
	rootObject = 17B1967D240BFF3100738665 /* Project object */;
}
